// !$*UTF8*$!
{
	archiveVersion = 1;
	classes = {
	};
	objectVersion = 45;
	objects = {

/* Begin PBXBuildFile section */
		1D3623260D0F684500981E51 /* MobileHISAppDelegate.m in Sources */ = {isa = PBXBuildFile; fileRef = 1D3623250D0F684500981E51 /* MobileHISAppDelegate.m */; };
		1D60589B0D05DD56006BFB54 /* main.m in Sources */ = {isa = PBXBuildFile; fileRef = 29B97316FDCFA39411CA2CEA /* main.m */; };
		1D60589F0D05DD5A006BFB54 /* Foundation.framework in Frameworks */ = {isa = PBXBuildFile; fileRef = 1D30AB110D05D00D00671497 /* Foundation.framework */; };
		1DF5F4E00D08C38300B7A737 /* UIKit.framework in Frameworks */ = {isa = PBXBuildFile; fileRef = 1DF5F4DF0D08C38300B7A737 /* UIKit.framework */; };
		288765FD0DF74451002DB57D /* CoreGraphics.framework in Frameworks */ = {isa = PBXBuildFile; fileRef = 288765FC0DF74451002DB57D /* CoreGraphics.framework */; };
		28AD733F0D9D9553002E5188 /* MainWindow.xib in Resources */ = {isa = PBXBuildFile; fileRef = 28AD733E0D9D9553002E5188 /* MainWindow.xib */; };
		BCA749251094F97B007103BA /* PatientRecord.m in Sources */ = {isa = PBXBuildFile; fileRef = BCA749241094F97B007103BA /* PatientRecord.m */; };
		BCA749281094F9BB007103BA /* Pharmacy.m in Sources */ = {isa = PBXBuildFile; fileRef = BCA749271094F9BB007103BA /* Pharmacy.m */; };
		BCA7492B1094F9F6007103BA /* diagnosticTests.m in Sources */ = {isa = PBXBuildFile; fileRef = BCA7492A1094F9F6007103BA /* diagnosticTests.m */; };
		BCA7492E1094FA61007103BA /* HealthInsurance.m in Sources */ = {isa = PBXBuildFile; fileRef = BCA7492D1094FA61007103BA /* HealthInsurance.m */; };
		BCA7493D1094FD19007103BA /* PatientRecord.xib in Resources */ = {isa = PBXBuildFile; fileRef = BCA7493C1094FD19007103BA /* PatientRecord.xib */; };
		BCA7493F1094FD23007103BA /* Pharmacy.xib in Resources */ = {isa = PBXBuildFile; fileRef = BCA7493E1094FD23007103BA /* Pharmacy.xib */; };
		BCA749411094FD37007103BA /* diagnosticTests.xib in Resources */ = {isa = PBXBuildFile; fileRef = BCA749401094FD37007103BA /* diagnosticTests.xib */; };
		BCA749431094FD46007103BA /* HealthInsurance.xib in Resources */ = {isa = PBXBuildFile; fileRef = BCA749421094FD46007103BA /* HealthInsurance.xib */; };
		BCA7495610950B9C007103BA /* PaitentChartTabBarIcon.png in Resources */ = {isa = PBXBuildFile; fileRef = BCA7495510950B9C007103BA /* PaitentChartTabBarIcon.png */; };
		BCA7497B1095101C007103BA /* HIS_App_Icon.png in Resources */ = {isa = PBXBuildFile; fileRef = BCA7497A1095101C007103BA /* HIS_App_Icon.png */; };
		BCA7497F1095143A007103BA /* Pharmacy.png in Resources */ = {isa = PBXBuildFile; fileRef = BCA7497E1095143A007103BA /* Pharmacy.png */; };
		BCA749871095178F007103BA /* red-cross-24x24.png in Resources */ = {isa = PBXBuildFile; fileRef = BCA749861095178F007103BA /* red-cross-24x24.png */; };
		BCA74989109517EA007103BA /* health-care-shield-24x24.png in Resources */ = {isa = PBXBuildFile; fileRef = BCA74988109517EA007103BA /* health-care-shield-24x24.png */; };
/* End PBXBuildFile section */

/* Begin PBXFileReference section */
		1D30AB110D05D00D00671497 /* Foundation.framework */ = {isa = PBXFileReference; lastKnownFileType = wrapper.framework; name = Foundation.framework; path = System/Library/Frameworks/Foundation.framework; sourceTree = SDKROOT; };
		1D3623240D0F684500981E51 /* MobileHISAppDelegate.h */ = {isa = PBXFileReference; fileEncoding = 4; lastKnownFileType = sourcecode.c.h; path = MobileHISAppDelegate.h; sourceTree = "<group>"; };
		1D3623250D0F684500981E51 /* MobileHISAppDelegate.m */ = {isa = PBXFileReference; fileEncoding = 4; lastKnownFileType = sourcecode.c.objc; path = MobileHISAppDelegate.m; sourceTree = "<group>"; };
		1D6058910D05DD3D006BFB54 /* MobileHIS.app */ = {isa = PBXFileReference; explicitFileType = wrapper.application; includeInIndex = 0; path = MobileHIS.app; sourceTree = BUILT_PRODUCTS_DIR; };
		1DF5F4DF0D08C38300B7A737 /* UIKit.framework */ = {isa = PBXFileReference; lastKnownFileType = wrapper.framework; name = UIKit.framework; path = System/Library/Frameworks/UIKit.framework; sourceTree = SDKROOT; };
		288765FC0DF74451002DB57D /* CoreGraphics.framework */ = {isa = PBXFileReference; lastKnownFileType = wrapper.framework; name = CoreGraphics.framework; path = System/Library/Frameworks/CoreGraphics.framework; sourceTree = SDKROOT; };
		28AD733E0D9D9553002E5188 /* MainWindow.xib */ = {isa = PBXFileReference; lastKnownFileType = file.xib; path = MainWindow.xib; sourceTree = "<group>"; };
		29B97316FDCFA39411CA2CEA /* main.m */ = {isa = PBXFileReference; fileEncoding = 4; lastKnownFileType = sourcecode.c.objc; path = main.m; sourceTree = "<group>"; };
		32CA4F630368D1EE00C91783 /* MobileHIS_Prefix.pch */ = {isa = PBXFileReference; fileEncoding = 4; lastKnownFileType = sourcecode.c.h; path = MobileHIS_Prefix.pch; sourceTree = "<group>"; };
		8D1107310486CEB800E47090 /* MobileHIS-Info.plist */ = {isa = PBXFileReference; fileEncoding = 4; lastKnownFileType = text.plist.xml; path = "MobileHIS-Info.plist"; plistStructureDefinitionIdentifier = "com.apple.xcode.plist.structure-definition.iphone.info-plist"; sourceTree = "<group>"; };
		BCA749231094F97B007103BA /* PatientRecord.h */ = {isa = PBXFileReference; fileEncoding = 4; lastKnownFileType = sourcecode.c.h; path = PatientRecord.h; sourceTree = "<group>"; };
		BCA749241094F97B007103BA /* PatientRecord.m */ = {isa = PBXFileReference; fileEncoding = 4; lastKnownFileType = sourcecode.c.objc; path = PatientRecord.m; sourceTree = "<group>"; };
		BCA749261094F9BB007103BA /* Pharmacy.h */ = {isa = PBXFileReference; fileEncoding = 4; lastKnownFileType = sourcecode.c.h; path = Pharmacy.h; sourceTree = "<group>"; };
		BCA749271094F9BB007103BA /* Pharmacy.m */ = {isa = PBXFileReference; fileEncoding = 4; lastKnownFileType = sourcecode.c.objc; path = Pharmacy.m; sourceTree = "<group>"; };
		BCA749291094F9F6007103BA /* diagnosticTests.h */ = {isa = PBXFileReference; fileEncoding = 4; lastKnownFileType = sourcecode.c.h; path = diagnosticTests.h; sourceTree = "<group>"; };
		BCA7492A1094F9F6007103BA /* diagnosticTests.m */ = {isa = PBXFileReference; fileEncoding = 4; lastKnownFileType = sourcecode.c.objc; path = diagnosticTests.m; sourceTree = "<group>"; };
		BCA7492C1094FA61007103BA /* HealthInsurance.h */ = {isa = PBXFileReference; fileEncoding = 4; lastKnownFileType = sourcecode.c.h; path = HealthInsurance.h; sourceTree = "<group>"; };
		BCA7492D1094FA61007103BA /* HealthInsurance.m */ = {isa = PBXFileReference; fileEncoding = 4; lastKnownFileType = sourcecode.c.objc; path = HealthInsurance.m; sourceTree = "<group>"; };
		BCA7493C1094FD19007103BA /* PatientRecord.xib */ = {isa = PBXFileReference; lastKnownFileType = file.xib; path = PatientRecord.xib; sourceTree = "<group>"; };
		BCA7493E1094FD23007103BA /* Pharmacy.xib */ = {isa = PBXFileReference; lastKnownFileType = file.xib; path = Pharmacy.xib; sourceTree = "<group>"; };
		BCA749401094FD37007103BA /* diagnosticTests.xib */ = {isa = PBXFileReference; lastKnownFileType = file.xib; path = diagnosticTests.xib; sourceTree = "<group>"; };
		BCA749421094FD46007103BA /* HealthInsurance.xib */ = {isa = PBXFileReference; lastKnownFileType = file.xib; path = HealthInsurance.xib; sourceTree = "<group>"; };
		BCA7495510950B9C007103BA /* PaitentChartTabBarIcon.png */ = {isa = PBXFileReference; lastKnownFileType = image.png; path = PaitentChartTabBarIcon.png; sourceTree = "<group>"; };
		BCA7497A1095101C007103BA /* HIS_App_Icon.png */ = {isa = PBXFileReference; lastKnownFileType = image.png; path = HIS_App_Icon.png; sourceTree = "<group>"; };
		BCA7497E1095143A007103BA /* Pharmacy.png */ = {isa = PBXFileReference; lastKnownFileType = image.png; path = Pharmacy.png; sourceTree = "<group>"; };
		BCA749861095178F007103BA /* red-cross-24x24.png */ = {isa = PBXFileReference; lastKnownFileType = image.png; path = "red-cross-24x24.png"; sourceTree = "<group>"; };
		BCA74988109517EA007103BA /* health-care-shield-24x24.png */ = {isa = PBXFileReference; lastKnownFileType = image.png; path = "health-care-shield-24x24.png"; sourceTree = "<group>"; };
/* End PBXFileReference section */

/* Begin PBXFrameworksBuildPhase section */
		1D60588F0D05DD3D006BFB54 /* Frameworks */ = {
			isa = PBXFrameworksBuildPhase;
			buildActionMask = 2147483647;
			files = (
				1D60589F0D05DD5A006BFB54 /* Foundation.framework in Frameworks */,
				1DF5F4E00D08C38300B7A737 /* UIKit.framework in Frameworks */,
				288765FD0DF74451002DB57D /* CoreGraphics.framework in Frameworks */,
			);
			runOnlyForDeploymentPostprocessing = 0;
		};
/* End PBXFrameworksBuildPhase section */

/* Begin PBXGroup section */
		080E96DDFE201D6D7F000001 /* Classes */ = {
			isa = PBXGroup;
			children = (
				BCA749261094F9BB007103BA /* Pharmacy.h */,
				BCA749271094F9BB007103BA /* Pharmacy.m */,
				BCA749291094F9F6007103BA /* diagnosticTests.h */,
				BCA7492A1094F9F6007103BA /* diagnosticTests.m */,
				BCA7492C1094FA61007103BA /* HealthInsurance.h */,
				BCA7492D1094FA61007103BA /* HealthInsurance.m */,
				1D3623240D0F684500981E51 /* MobileHISAppDelegate.h */,
				1D3623250D0F684500981E51 /* MobileHISAppDelegate.m */,
				BCA749231094F97B007103BA /* PatientRecord.h */,
				BCA749241094F97B007103BA /* PatientRecord.m */,
			);
			path = Classes;
			sourceTree = "<group>";
		};
		19C28FACFE9D520D11CA2CBB /* Products */ = {
			isa = PBXGroup;
			children = (
				1D6058910D05DD3D006BFB54 /* MobileHIS.app */,
			);
			name = Products;
			sourceTree = "<group>";
		};
		29B97314FDCFA39411CA2CEA /* CustomTemplate */ = {
			isa = PBXGroup;
			children = (
				080E96DDFE201D6D7F000001 /* Classes */,
				29B97315FDCFA39411CA2CEA /* Other Sources */,
				29B97317FDCFA39411CA2CEA /* Resources */,
				29B97323FDCFA39411CA2CEA /* Frameworks */,
				19C28FACFE9D520D11CA2CBB /* Products */,
			);
			name = CustomTemplate;
			sourceTree = "<group>";
		};
		29B97315FDCFA39411CA2CEA /* Other Sources */ = {
			isa = PBXGroup;
			children = (
				32CA4F630368D1EE00C91783 /* MobileHIS_Prefix.pch */,
				29B97316FDCFA39411CA2CEA /* main.m */,
			);
			name = "Other Sources";
			sourceTree = "<group>";
		};
		29B97317FDCFA39411CA2CEA /* Resources */ = {
			isa = PBXGroup;
			children = (
				BCA74988109517EA007103BA /* health-care-shield-24x24.png */,
				BCA749861095178F007103BA /* red-cross-24x24.png */,
				BCA7497E1095143A007103BA /* Pharmacy.png */,
				BCA7497A1095101C007103BA /* HIS_App_Icon.png */,
				BCA7495510950B9C007103BA /* PaitentChartTabBarIcon.png */,
				28AD733E0D9D9553002E5188 /* MainWindow.xib */,
				8D1107310486CEB800E47090 /* MobileHIS-Info.plist */,
				BCA7493C1094FD19007103BA /* PatientRecord.xib */,
				BCA7493E1094FD23007103BA /* Pharmacy.xib */,
				BCA749401094FD37007103BA /* diagnosticTests.xib */,
				BCA749421094FD46007103BA /* HealthInsurance.xib */,
			);
			name = Resources;
			sourceTree = "<group>";
		};
		29B97323FDCFA39411CA2CEA /* Frameworks */ = {
			isa = PBXGroup;
			children = (
				1DF5F4DF0D08C38300B7A737 /* UIKit.framework */,
				1D30AB110D05D00D00671497 /* Foundation.framework */,
				288765FC0DF74451002DB57D /* CoreGraphics.framework */,
			);
			name = Frameworks;
			sourceTree = "<group>";
		};
/* End PBXGroup section */

/* Begin PBXNativeTarget section */
		1D6058900D05DD3D006BFB54 /* MobileHIS */ = {
			isa = PBXNativeTarget;
			buildConfigurationList = 1D6058960D05DD3E006BFB54 /* Build configuration list for PBXNativeTarget "MobileHIS" */;
			buildPhases = (
				1D60588D0D05DD3D006BFB54 /* Resources */,
				1D60588E0D05DD3D006BFB54 /* Sources */,
				1D60588F0D05DD3D006BFB54 /* Frameworks */,
			);
			buildRules = (
			);
			dependencies = (
			);
			name = MobileHIS;
			productName = MobileHIS;
			productReference = 1D6058910D05DD3D006BFB54 /* MobileHIS.app */;
			productType = "com.apple.product-type.application";
		};
/* End PBXNativeTarget section */

/* Begin PBXProject section */
		29B97313FDCFA39411CA2CEA /* Project object */ = {
			isa = PBXProject;
			buildConfigurationList = C01FCF4E08A954540054247B /* Build configuration list for PBXProject "MobileHIS" */;
			compatibilityVersion = "Xcode 3.1";
			hasScannedForEncodings = 1;
			mainGroup = 29B97314FDCFA39411CA2CEA /* CustomTemplate */;
			projectDirPath = "";
			projectRoot = "";
			targets = (
				1D6058900D05DD3D006BFB54 /* MobileHIS */,
			);
		};
/* End PBXProject section */

/* Begin PBXResourcesBuildPhase section */
		1D60588D0D05DD3D006BFB54 /* Resources */ = {
			isa = PBXResourcesBuildPhase;
			buildActionMask = 2147483647;
			files = (
				28AD733F0D9D9553002E5188 /* MainWindow.xib in Resources */,
				BCA7493D1094FD19007103BA /* PatientRecord.xib in Resources */,
				BCA7493F1094FD23007103BA /* Pharmacy.xib in Resources */,
				BCA749411094FD37007103BA /* diagnosticTests.xib in Resources */,
				BCA749431094FD46007103BA /* HealthInsurance.xib in Resources */,
				BCA7495610950B9C007103BA /* PaitentChartTabBarIcon.png in Resources */,
				BCA7497B1095101C007103BA /* HIS_App_Icon.png in Resources */,
				BCA7497F1095143A007103BA /* Pharmacy.png in Resources */,
				BCA749871095178F007103BA /* red-cross-24x24.png in Resources */,
				BCA74989109517EA007103BA /* health-care-shield-24x24.png in Resources */,
			);
			runOnlyForDeploymentPostprocessing = 0;
		};
/* End PBXResourcesBuildPhase section */

/* Begin PBXSourcesBuildPhase section */
		1D60588E0D05DD3D006BFB54 /* Sources */ = {
			isa = PBXSourcesBuildPhase;
			buildActionMask = 2147483647;
			files = (
				1D60589B0D05DD56006BFB54 /* main.m in Sources */,
				1D3623260D0F684500981E51 /* MobileHISAppDelegate.m in Sources */,
				BCA749251094F97B007103BA /* PatientRecord.m in Sources */,
				BCA749281094F9BB007103BA /* Pharmacy.m in Sources */,
				BCA7492B1094F9F6007103BA /* diagnosticTests.m in Sources */,
				BCA7492E1094FA61007103BA /* HealthInsurance.m in Sources */,
			);
			runOnlyForDeploymentPostprocessing = 0;
		};
/* End PBXSourcesBuildPhase section */

/* Begin XCBuildConfiguration section */
		1D6058940D05DD3E006BFB54 /* Debug */ = {
			isa = XCBuildConfiguration;
			buildSettings = {
				ALWAYS_SEARCH_USER_PATHS = NO;
				COPY_PHASE_STRIP = NO;
				GCC_DYNAMIC_NO_PIC = NO;
				GCC_OPTIMIZATION_LEVEL = 0;
				GCC_PRECOMPILE_PREFIX_HEADER = YES;
				GCC_PREFIX_HEADER = MobileHIS_Prefix.pch;
				INFOPLIST_FILE = "MobileHIS-Info.plist";
				PRODUCT_NAME = MobileHIS;
			};
			name = Debug;
		};
		1D6058950D05DD3E006BFB54 /* Release */ = {
			isa = XCBuildConfiguration;
			buildSettings = {
				ALWAYS_SEARCH_USER_PATHS = NO;
				COPY_PHASE_STRIP = YES;
				GCC_PRECOMPILE_PREFIX_HEADER = YES;
				GCC_PREFIX_HEADER = MobileHIS_Prefix.pch;
				INFOPLIST_FILE = "MobileHIS-Info.plist";
				PRODUCT_NAME = MobileHIS;
			};
			name = Release;
		};
		C01FCF4F08A954540054247B /* Debug */ = {
			isa = XCBuildConfiguration;
			buildSettings = {
				ARCHS = "$(ARCHS_STANDARD_32_BIT)";
				"CODE_SIGN_IDENTITY[sdk=iphoneos*]" = "iPhone Developer";
				GCC_C_LANGUAGE_STANDARD = c99;
				GCC_WARN_ABOUT_RETURN_TYPE = YES;
				GCC_WARN_UNUSED_VARIABLE = YES;
				PREBINDING = NO;
				SDKROOT = iphoneos3.0;
			};
			name = Debug;
		};
		C01FCF5008A954540054247B /* Release */ = {
			isa = XCBuildConfiguration;
			buildSettings = {
				ARCHS = "$(ARCHS_STANDARD_32_BIT)";
				"CODE_SIGN_IDENTITY[sdk=iphoneos*]" = "iPhone Developer";
				GCC_C_LANGUAGE_STANDARD = c99;
				GCC_WARN_ABOUT_RETURN_TYPE = YES;
				GCC_WARN_UNUSED_VARIABLE = YES;
				PREBINDING = NO;
				SDKROOT = iphoneos3.0;
			};
			name = Release;
		};
/* End XCBuildConfiguration section */

/* Begin XCConfigurationList section */
		1D6058960D05DD3E006BFB54 /* Build configuration list for PBXNativeTarget "MobileHIS" */ = {
			isa = XCConfigurationList;
			buildConfigurations = (
				1D6058940D05DD3E006BFB54 /* Debug */,
				1D6058950D05DD3E006BFB54 /* Release */,
			);
			defaultConfigurationIsVisible = 0;
			defaultConfigurationName = Release;
		};
		C01FCF4E08A954540054247B /* Build configuration list for PBXProject "MobileHIS" */ = {
			isa = XCConfigurationList;
			buildConfigurations = (
				C01FCF4F08A954540054247B /* Debug */,
				C01FCF5008A954540054247B /* Release */,
			);
			defaultConfigurationIsVisible = 0;
			defaultConfigurationName = Release;
		};
/* End XCConfigurationList section */
	};
	rootObject = 29B97313FDCFA39411CA2CEA /* Project object */;
}
